
Microsoft Visual Studio Solution File, Format Version 12.00
# Visual Studio Version 17
VisualStudioVersion = 17.5.33516.290
MinimumVisualStudioVersion = 10.0.40219.1
Project("{FAE04EC0-301F-11D3-BF4B-00C04F79EFBC}") = "ToDo WEB API", "ToDo WEB API\ToDo WEB API.csproj", "{C1D0028A-74EB-48BD-86ED-3484EC05DBDE}"
EndProject
Global
	GlobalSection(SolutionConfigurationPlatforms) = preSolution
		Debug|Any CPU = Debug|Any CPU
		Release|Any CPU = Release|Any CPU
	EndGlobalSection
	GlobalSection(ProjectConfigurationPlatforms) = postSolution
		{C1D0028A-74EB-48BD-86ED-3484EC05DBDE}.Debug|Any CPU.ActiveCfg = Debug|Any CPU
		{C1D0028A-74EB-48BD-86ED-3484EC05DBDE}.Debug|Any CPU.Build.0 = Debug|Any CPU
		{C1D0028A-74EB-48BD-86ED-3484EC05DBDE}.Release|Any CPU.ActiveCfg = Release|Any CPU
		{C1D0028A-74EB-48BD-86ED-3484EC05DBDE}.Release|Any CPU.Build.0 = Release|Any CPU
	EndGlobalSection
	GlobalSection(SolutionProperties) = preSolution
		HideSolutionNode = FALSE
	EndGlobalSection
	GlobalSection(ExtensibilityGlobals) = postSolution
		SolutionGuid = {6D3A4807-0F26-4A9D-8928-C38A8C3D6B1C}
	EndGlobalSection
EndGlobal
